
Microsoft Visual Studio Solution File, Format Version 12.00
# Visual Studio Version 17
VisualStudioVersion = 17.7.34202.233
MinimumVisualStudioVersion = 10.0.40219.1
Project("{9A19103F-16F7-4668-BE54-9A1E7A4F7556}") = "CarRentalManagement.Server", "CarRentalManagement\Server\CarRentalManagement.Server.csproj", "{8B64709D-D53C-4FF3-B4DF-84C0849C39BA}"
EndProject
Project("{9A19103F-16F7-4668-BE54-9A1E7A4F7556}") = "CarRentalManagement.Client", "CarRentalManagement\Client\CarRentalManagement.Client.csproj", "{19225BE4-AE6E-425F-99DF-1741CA4FCFFD}"
EndProject
Project("{9A19103F-16F7-4668-BE54-9A1E7A4F7556}") = "CarRentalManagement.Shared", "CarRentalManagement\Shared\CarRentalManagement.Shared.csproj", "{404CEF47-529B-493A-86E4-202FCFB45FE0}"
EndProject
Global
	GlobalSection(SolutionConfigurationPlatforms) = preSolution
		Debug|Any CPU = Debug|Any CPU
		Release|Any CPU = Release|Any CPU
	EndGlobalSection
	GlobalSection(ProjectConfigurationPlatforms) = postSolution
		{8B64709D-D53C-4FF3-B4DF-84C0849C39BA}.Debug|Any CPU.ActiveCfg = Debug|Any CPU
		{8B64709D-D53C-4FF3-B4DF-84C0849C39BA}.Debug|Any CPU.Build.0 = Debug|Any CPU
		{8B64709D-D53C-4FF3-B4DF-84C0849C39BA}.Release|Any CPU.ActiveCfg = Release|Any CPU
		{8B64709D-D53C-4FF3-B4DF-84C0849C39BA}.Release|Any CPU.Build.0 = Release|Any CPU
		{19225BE4-AE6E-425F-99DF-1741CA4FCFFD}.Debug|Any CPU.ActiveCfg = Debug|Any CPU
		{19225BE4-AE6E-425F-99DF-1741CA4FCFFD}.Debug|Any CPU.Build.0 = Debug|Any CPU
		{19225BE4-AE6E-425F-99DF-1741CA4FCFFD}.Release|Any CPU.ActiveCfg = Release|Any CPU
		{19225BE4-AE6E-425F-99DF-1741CA4FCFFD}.Release|Any CPU.Build.0 = Release|Any CPU
		{404CEF47-529B-493A-86E4-202FCFB45FE0}.Debug|Any CPU.ActiveCfg = Debug|Any CPU
		{404CEF47-529B-493A-86E4-202FCFB45FE0}.Debug|Any CPU.Build.0 = Debug|Any CPU
		{404CEF47-529B-493A-86E4-202FCFB45FE0}.Release|Any CPU.ActiveCfg = Release|Any CPU
		{404CEF47-529B-493A-86E4-202FCFB45FE0}.Release|Any CPU.Build.0 = Release|Any CPU
	EndGlobalSection
	GlobalSection(SolutionProperties) = preSolution
		HideSolutionNode = FALSE
	EndGlobalSection
	GlobalSection(ExtensibilityGlobals) = postSolution
		SolutionGuid = {37B37010-A2E2-45EC-A5BA-A13155BAEEA2}
	EndGlobalSection
EndGlobal
